
Microsoft Visual Studio Solution File, Format Version 12.00
# Visual Studio Version 16
VisualStudioVersion = 16.0.30413.136
MinimumVisualStudioVersion = 10.0.40219.1
Project("{FAE04EC0-301F-11D3-BF4B-00C04F79EFBC}") = "Calc", "Calc.csproj", "{7B1986A6-0780-4DFA-8B86-AC88E76F802B}"
EndProject
Global
	GlobalSection(SolutionConfigurationPlatforms) = preSolution
		Debug|Any CPU = Debug|Any CPU
		Release|Any CPU = Release|Any CPU
	EndGlobalSection
	GlobalSection(ProjectConfigurationPlatforms) = postSolution
		{7B1986A6-0780-4DFA-8B86-AC88E76F802B}.Debug|Any CPU.ActiveCfg = Debug|Any CPU
		{7B1986A6-0780-4DFA-8B86-AC88E76F802B}.Debug|Any CPU.Build.0 = Debug|Any CPU
		{7B1986A6-0780-4DFA-8B86-AC88E76F802B}.Release|Any CPU.ActiveCfg = Release|Any CPU
		{7B1986A6-0780-4DFA-8B86-AC88E76F802B}.Release|Any CPU.Build.0 = Release|Any CPU
	EndGlobalSection
	GlobalSection(SolutionProperties) = preSolution
		HideSolutionNode = FALSE
	EndGlobalSection
	GlobalSection(ExtensibilityGlobals) = postSolution
		SolutionGuid = {461490E5-0FD0-4956-800D-25E95EE5D830}
	EndGlobalSection
EndGlobal
